// !$*UTF8*$!
{
	archiveVersion = 1;
	classes = {
	};
	objectVersion = 77;
	objects = {

/* Begin PBXAggregateTarget section */
		F49C63DC2C9E2B6C00D1F207 /* cryptex */ = {
			isa = PBXAggregateTarget;
			buildConfigurationList = F49C63DD2C9E2B6C00D1F207 /* Build configuration list for PBXAggregateTarget "cryptex" */;
			buildPhases = (
				F49C63E42C9E2D7100D1F207 /* Copy Binaries Into Cryptex Root */,
				F4414E592F314F1D007076B5 /* Copy Dylib Into Cryptex Root */,
				F49C63F52C9E336C00D1F207 /* Copy Launch Daemon Plists Into Cryptex Root */,
			);
			dependencies = (
				F4414E582F314F15007076B5 /* PBXTargetDependency */,
				F49C63E12C9E2B7500D1F207 /* PBXTargetDependency */,
			);
			name = cryptex;
			packageProductDependencies = (
			);
			productName = cryptex;
		};
/* End PBXAggregateTarget section */

/* Begin PBXBuildFile section */
		F4414E5A2F314F27007076B5 /* libAppRegistrarHooks.dylib in Copy Dylib Into Cryptex Root */ = {isa = PBXBuildFile; fileRef = F4414E0D2F314C60007076B5 /* libAppRegistrarHooks.dylib */; settings = {ATTRIBUTES = (CodeSignOnCopy, ); }; };
		F4414E5F2F31519E007076B5 /* HookInjection.swift in Sources */ = {isa = PBXBuildFile; fileRef = F4414E5E2F315199007076B5 /* HookInjection.swift */; };
		F44151EE2F327D44007076B5 /* LaunchKitLite in Frameworks */ = {isa = PBXBuildFile; productRef = F44151ED2F327D44007076B5 /* LaunchKitLite */; };
		F46DE5602F35407300075351 /* TrustCacheGenerator in Frameworks */ = {isa = PBXBuildFile; productRef = F46DE55F2F35407300075351 /* TrustCacheGenerator */; };
		F48E44962DC109DE00673486 /* DeviceLockStateObserver.swift in Sources */ = {isa = PBXBuildFile; fileRef = F48E44952DC109DE00673486 /* DeviceLockStateObserver.swift */; };
		F49C63AF2C9E15DE00D1F207 /* AppRegistrar.swift in Sources */ = {isa = PBXBuildFile; fileRef = F49C63AB2C9E15DE00D1F207 /* AppRegistrar.swift */; };
		F49C63B42C9E16CE00D1F207 /* ArgumentParser in Frameworks */ = {isa = PBXBuildFile; productRef = F49C63B32C9E16CE00D1F207 /* ArgumentParser */; };
		F49C63CA2C9E188C00D1F207 /* ProcessHelper.swift in Sources */ = {isa = PBXBuildFile; fileRef = F49C63C92C9E188C00D1F207 /* ProcessHelper.swift */; };
		F49C63CC2C9E18A300D1F207 /* Jindo.swift in Sources */ = {isa = PBXBuildFile; fileRef = F49C63CB2C9E18A300D1F207 /* Jindo.swift */; };
		F49C63CF2C9E193F00D1F207 /* ResearchAppProperties.swift in Sources */ = {isa = PBXBuildFile; fileRef = F49C63CE2C9E193F00D1F207 /* ResearchAppProperties.swift */; };
		F49C63D12C9E199400D1F207 /* CryptexObserver.swift in Sources */ = {isa = PBXBuildFile; fileRef = F49C63D02C9E199400D1F207 /* CryptexObserver.swift */; };
		F49C63D32C9E19A600D1F207 /* AppRegistration.swift in Sources */ = {isa = PBXBuildFile; fileRef = F49C63D22C9E19A600D1F207 /* AppRegistration.swift */; };
		F49C63D72C9E1A5500D1F207 /* DaemonServer.swift in Sources */ = {isa = PBXBuildFile; fileRef = F49C63D62C9E1A4800D1F207 /* DaemonServer.swift */; };
		F49C63DB2C9E29F000D1F207 /* ProcessInfo+Cryptex.swift in Sources */ = {isa = PBXBuildFile; fileRef = F49C63DA2C9E29F000D1F207 /* ProcessInfo+Cryptex.swift */; };
		F49C63E52C9E2D9A00D1F207 /* appregistrard in Copy Binaries Into Cryptex Root */ = {isa = PBXBuildFile; fileRef = F49C63982C9E15DB00D1F207 /* appregistrard */; };
		F49C63F62C9E338600D1F207 /* codes.rambo.research.appregistrard.plist in Copy Launch Daemon Plists Into Cryptex Root */ = {isa = PBXBuildFile; fileRef = F49C63AC2C9E15DE00D1F207 /* codes.rambo.research.appregistrard.plist */; };
		F49C63FB2C9E362300D1F207 /* JetsamBypass.m in Sources */ = {isa = PBXBuildFile; fileRef = F49C63F82C9E362300D1F207 /* JetsamBypass.m */; };
		F4B821C72F3541EB00C59159 /* TrustCacheFSService.swift in Sources */ = {isa = PBXBuildFile; fileRef = F4B821C62F3541EB00C59159 /* TrustCacheFSService.swift */; };
		F4CFF08D2F353B8600DD396F /* AuthInstallKit in Frameworks */ = {isa = PBXBuildFile; productRef = F4CFF08C2F353B8600DD396F /* AuthInstallKit */; };
		F4CFF08F2F353B8600DD396F /* DeviceIdentityKit in Frameworks */ = {isa = PBXBuildFile; productRef = F4CFF08E2F353B8600DD396F /* DeviceIdentityKit */; };
		F4CFF0912F353B8600DD396F /* TatsuKit in Frameworks */ = {isa = PBXBuildFile; productRef = F4CFF0902F353B8600DD396F /* TatsuKit */; };
/* End PBXBuildFile section */

/* Begin PBXContainerItemProxy section */
		F4414E572F314F15007076B5 /* PBXContainerItemProxy */ = {
			isa = PBXContainerItemProxy;
			containerPortal = F49C63902C9E15DB00D1F207 /* Project object */;
			proxyType = 1;
			remoteGlobalIDString = F4414E0C2F314C60007076B5;
			remoteInfo = AppRegistrarHooks;
		};
		F49C63E02C9E2B7500D1F207 /* PBXContainerItemProxy */ = {
			isa = PBXContainerItemProxy;
			containerPortal = F49C63902C9E15DB00D1F207 /* Project object */;
			proxyType = 1;
			remoteGlobalIDString = F49C63972C9E15DB00D1F207;
			remoteInfo = appregistrard;
		};
/* End PBXContainerItemProxy section */

/* Begin PBXCopyFilesBuildPhase section */
		F4414E592F314F1D007076B5 /* Copy Dylib Into Cryptex Root */ = {
			isa = PBXCopyFilesBuildPhase;
			buildActionMask = 2147483647;
			dstPath = root/usr/lib;
			dstSubfolderSpec = 16;
			files = (
				F4414E5A2F314F27007076B5 /* libAppRegistrarHooks.dylib in Copy Dylib Into Cryptex Root */,
			);
			name = "Copy Dylib Into Cryptex Root";
			runOnlyForDeploymentPostprocessing = 0;
		};
		F49C63E42C9E2D7100D1F207 /* Copy Binaries Into Cryptex Root */ = {
			isa = PBXCopyFilesBuildPhase;
			buildActionMask = 2147483647;
			dstPath = root/usr/bin;
			dstSubfolderSpec = 16;
			files = (
				F49C63E52C9E2D9A00D1F207 /* appregistrard in Copy Binaries Into Cryptex Root */,
			);
			name = "Copy Binaries Into Cryptex Root";
			runOnlyForDeploymentPostprocessing = 0;
		};
		F49C63F52C9E336C00D1F207 /* Copy Launch Daemon Plists Into Cryptex Root */ = {
			isa = PBXCopyFilesBuildPhase;
			buildActionMask = 2147483647;
			dstPath = root/Library/LaunchDaemons;
			dstSubfolderSpec = 16;
			files = (
				F49C63F62C9E338600D1F207 /* codes.rambo.research.appregistrard.plist in Copy Launch Daemon Plists Into Cryptex Root */,
			);
			name = "Copy Launch Daemon Plists Into Cryptex Root";
			runOnlyForDeploymentPostprocessing = 0;
		};
/* End PBXCopyFilesBuildPhase section */

/* Begin PBXFileReference section */
		F4257EEC2F2D38B100CA45C5 /* InstallCoordinationSPI.h */ = {isa = PBXFileReference; lastKnownFileType = sourcecode.c.h; path = InstallCoordinationSPI.h; sourceTree = "<group>"; };
		F4414E0D2F314C60007076B5 /* libAppRegistrarHooks.dylib */ = {isa = PBXFileReference; explicitFileType = "compiled.mach-o.dylib"; includeInIndex = 0; path = libAppRegistrarHooks.dylib; sourceTree = BUILT_PRODUCTS_DIR; };
		F4414E5E2F315199007076B5 /* HookInjection.swift */ = {isa = PBXFileReference; lastKnownFileType = sourcecode.swift; path = HookInjection.swift; sourceTree = "<group>"; };
		F48E44922DC1098000673486 /* MobileKeyBagSPI.h */ = {isa = PBXFileReference; lastKnownFileType = sourcecode.c.h; path = MobileKeyBagSPI.h; sourceTree = "<group>"; };
		F48E44952DC109DE00673486 /* DeviceLockStateObserver.swift */ = {isa = PBXFileReference; lastKnownFileType = sourcecode.swift; path = DeviceLockStateObserver.swift; sourceTree = "<group>"; };
		F49C63982C9E15DB00D1F207 /* appregistrard */ = {isa = PBXFileReference; explicitFileType = "compiled.mach-o.executable"; includeInIndex = 0; path = appregistrard; sourceTree = BUILT_PRODUCTS_DIR; };
		F49C63A82C9E15DE00D1F207 /* BridgingHeader.h */ = {isa = PBXFileReference; lastKnownFileType = sourcecode.c.h; path = BridgingHeader.h; sourceTree = "<group>"; };
		F49C63AA2C9E15DE00D1F207 /* appregistrard.entitlements */ = {isa = PBXFileReference; lastKnownFileType = text.plist.entitlements; path = appregistrard.entitlements; sourceTree = "<group>"; };
		F49C63AB2C9E15DE00D1F207 /* AppRegistrar.swift */ = {isa = PBXFileReference; lastKnownFileType = sourcecode.swift; path = AppRegistrar.swift; sourceTree = "<group>"; };
		F49C63AC2C9E15DE00D1F207 /* codes.rambo.research.appregistrard.plist */ = {isa = PBXFileReference; lastKnownFileType = text.plist.xml; path = codes.rambo.research.appregistrard.plist; sourceTree = "<group>"; };
		F49C63AD2C9E15DE00D1F207 /* Info.plist */ = {isa = PBXFileReference; lastKnownFileType = text.plist.xml; path = Info.plist; sourceTree = "<group>"; };
		F49C63C32C9E185200D1F207 /* CoreServicesSPI.h */ = {isa = PBXFileReference; lastKnownFileType = sourcecode.c.h; path = CoreServicesSPI.h; sourceTree = "<group>"; };
		F49C63C42C9E185200D1F207 /* MobileContainerManagerSPI.h */ = {isa = PBXFileReference; lastKnownFileType = sourcecode.c.h; path = MobileContainerManagerSPI.h; sourceTree = "<group>"; };
		F49C63C52C9E185200D1F207 /* MobileInstallationSPI.h */ = {isa = PBXFileReference; lastKnownFileType = sourcecode.c.h; path = MobileInstallationSPI.h; sourceTree = "<group>"; };
		F49C63C62C9E185200D1F207 /* RunningBoardServicesSPI.h */ = {isa = PBXFileReference; lastKnownFileType = sourcecode.c.h; path = RunningBoardServicesSPI.h; sourceTree = "<group>"; };
		F49C63C72C9E185200D1F207 /* SpringBoardServicesSPI.h */ = {isa = PBXFileReference; lastKnownFileType = sourcecode.c.h; path = SpringBoardServicesSPI.h; sourceTree = "<group>"; };
		F49C63C82C9E187B00D1F207 /* CoreFoundationSPI.h */ = {isa = PBXFileReference; lastKnownFileType = sourcecode.c.h; path = CoreFoundationSPI.h; sourceTree = "<group>"; };
		F49C63C92C9E188C00D1F207 /* ProcessHelper.swift */ = {isa = PBXFileReference; lastKnownFileType = sourcecode.swift; path = ProcessHelper.swift; sourceTree = "<group>"; };
		F49C63CB2C9E18A300D1F207 /* Jindo.swift */ = {isa = PBXFileReference; lastKnownFileType = sourcecode.swift; path = Jindo.swift; sourceTree = "<group>"; };
		F49C63CE2C9E193F00D1F207 /* ResearchAppProperties.swift */ = {isa = PBXFileReference; lastKnownFileType = sourcecode.swift; path = ResearchAppProperties.swift; sourceTree = "<group>"; };
		F49C63D02C9E199400D1F207 /* CryptexObserver.swift */ = {isa = PBXFileReference; lastKnownFileType = sourcecode.swift; path = CryptexObserver.swift; sourceTree = "<group>"; };
		F49C63D22C9E19A600D1F207 /* AppRegistration.swift */ = {isa = PBXFileReference; lastKnownFileType = sourcecode.swift; path = AppRegistration.swift; sourceTree = "<group>"; };
		F49C63D62C9E1A4800D1F207 /* DaemonServer.swift */ = {isa = PBXFileReference; lastKnownFileType = sourcecode.swift; path = DaemonServer.swift; sourceTree = "<group>"; };
		F49C63DA2C9E29F000D1F207 /* ProcessInfo+Cryptex.swift */ = {isa = PBXFileReference; lastKnownFileType = sourcecode.swift; path = "ProcessInfo+Cryptex.swift"; sourceTree = "<group>"; };
		F49C63F42C9E328000D1F207 /* Cryptex.xcconfig */ = {isa = PBXFileReference; lastKnownFileType = text.xcconfig; path = Cryptex.xcconfig; sourceTree = "<group>"; };
		F49C63F82C9E362300D1F207 /* JetsamBypass.m */ = {isa = PBXFileReference; lastKnownFileType = sourcecode.c.objc; path = JetsamBypass.m; sourceTree = "<group>"; };
		F49C63F92C9E362300D1F207 /* kern_memorystatus.h */ = {isa = PBXFileReference; lastKnownFileType = sourcecode.c.h; path = kern_memorystatus.h; sourceTree = "<group>"; };
		F49C63FA2C9E362300D1F207 /* libproc.h */ = {isa = PBXFileReference; lastKnownFileType = sourcecode.c.h; path = libproc.h; sourceTree = "<group>"; };
		F49C63FC2C9E362800D1F207 /* JetsamBypass.h */ = {isa = PBXFileReference; lastKnownFileType = sourcecode.c.h; path = JetsamBypass.h; sourceTree = "<group>"; };
		F49C63FD2C9E37FE00D1F207 /* README.md */ = {isa = PBXFileReference; lastKnownFileType = net.daringfireball.markdown; path = README.md; sourceTree = "<group>"; };
		F4B821C62F3541EB00C59159 /* TrustCacheFSService.swift */ = {isa = PBXFileReference; lastKnownFileType = sourcecode.swift; path = TrustCacheFSService.swift; sourceTree = "<group>"; };
/* End PBXFileReference section */

/* Begin PBXFileSystemSynchronizedRootGroup section */
		F4414E0E2F314C60007076B5 /* AppRegistrarHooks */ = {
			isa = PBXFileSystemSynchronizedRootGroup;
			path = AppRegistrarHooks;
			sourceTree = "<group>";
		};
		F452CA742F33DEBF00793439 /* Shared */ = {
			isa = PBXFileSystemSynchronizedRootGroup;
			path = Shared;
			sourceTree = "<group>";
		};
		F4CFF0922F353B9500DD396F /* AppTrust */ = {
			isa = PBXFileSystemSynchronizedRootGroup;
			path = AppTrust;
			sourceTree = "<group>";
		};
		F4CFF0A12F353C0500DD396F /* Stubs */ = {
			isa = PBXFileSystemSynchronizedRootGroup;
			path = Stubs;
			sourceTree = "<group>";
		};
/* End PBXFileSystemSynchronizedRootGroup section */

/* Begin PBXFrameworksBuildPhase section */
		F4414E0B2F314C60007076B5 /* Frameworks */ = {
			isa = PBXFrameworksBuildPhase;
			buildActionMask = 2147483647;
			files = (
			);
			runOnlyForDeploymentPostprocessing = 0;
		};
		F49C63952C9E15DB00D1F207 /* Frameworks */ = {
			isa = PBXFrameworksBuildPhase;
			buildActionMask = 2147483647;
			files = (
				F44151EE2F327D44007076B5 /* LaunchKitLite in Frameworks */,
				F4CFF08F2F353B8600DD396F /* DeviceIdentityKit in Frameworks */,
				F49C63B42C9E16CE00D1F207 /* ArgumentParser in Frameworks */,
				F46DE5602F35407300075351 /* TrustCacheGenerator in Frameworks */,
				F4CFF0912F353B8600DD396F /* TatsuKit in Frameworks */,
				F4CFF08D2F353B8600DD396F /* AuthInstallKit in Frameworks */,
			);
			runOnlyForDeploymentPostprocessing = 0;
		};
/* End PBXFrameworksBuildPhase section */

/* Begin PBXGroup section */
		F497DC312F35180E00CF55D6 /* Frameworks */ = {
			isa = PBXGroup;
			children = (
			);
			name = Frameworks;
			sourceTree = "<group>";
		};
		F49C638F2C9E15DB00D1F207 = {
			isa = PBXGroup;
			children = (
				F49C63FD2C9E37FE00D1F207 /* README.md */,
				F452CA742F33DEBF00793439 /* Shared */,
				F49C63F32C9E327D00D1F207 /* config */,
				F49C63AE2C9E15DE00D1F207 /* appregistrard */,
				F4414E0E2F314C60007076B5 /* AppRegistrarHooks */,
				F497DC312F35180E00CF55D6 /* Frameworks */,
				F49C63992C9E15DB00D1F207 /* Products */,
			);
			sourceTree = "<group>";
		};
		F49C63992C9E15DB00D1F207 /* Products */ = {
			isa = PBXGroup;
			children = (
				F49C63982C9E15DB00D1F207 /* appregistrard */,
				F4414E0D2F314C60007076B5 /* libAppRegistrarHooks.dylib */,
			);
			name = Products;
			sourceTree = "<group>";
		};
		F49C63A92C9E15DE00D1F207 /* Headers */ = {
			isa = PBXGroup;
			children = (
				F49C63C82C9E187B00D1F207 /* CoreFoundationSPI.h */,
				F49C63C32C9E185200D1F207 /* CoreServicesSPI.h */,
				F49C63C42C9E185200D1F207 /* MobileContainerManagerSPI.h */,
				F49C63C52C9E185200D1F207 /* MobileInstallationSPI.h */,
				F49C63C62C9E185200D1F207 /* RunningBoardServicesSPI.h */,
				F49C63C72C9E185200D1F207 /* SpringBoardServicesSPI.h */,
				F48E44922DC1098000673486 /* MobileKeyBagSPI.h */,
				F4257EEC2F2D38B100CA45C5 /* InstallCoordinationSPI.h */,
				F49C63A82C9E15DE00D1F207 /* BridgingHeader.h */,
			);
			path = Headers;
			sourceTree = "<group>";
		};
		F49C63AE2C9E15DE00D1F207 /* appregistrard */ = {
			isa = PBXGroup;
			children = (
				F4CFF0922F353B9500DD396F /* AppTrust */,
				F4CFF0A12F353C0500DD396F /* Stubs */,
				F49C63A92C9E15DE00D1F207 /* Headers */,
				F49C63B52C9E17E300D1F207 /* Core */,
				F49C63CD2C9E193900D1F207 /* API */,
				F49C63AA2C9E15DE00D1F207 /* appregistrard.entitlements */,
				F49C63AB2C9E15DE00D1F207 /* AppRegistrar.swift */,
				F49C63AC2C9E15DE00D1F207 /* codes.rambo.research.appregistrard.plist */,
				F49C63AD2C9E15DE00D1F207 /* Info.plist */,
			);
			path = appregistrard;
			sourceTree = "<group>";
		};
		F49C63B52C9E17E300D1F207 /* Core */ = {
			isa = PBXGroup;
			children = (
				F49C63F72C9E361D00D1F207 /* Jetsam */,
				F49C63C92C9E188C00D1F207 /* ProcessHelper.swift */,
				F49C63DA2C9E29F000D1F207 /* ProcessInfo+Cryptex.swift */,
				F49C63CB2C9E18A300D1F207 /* Jindo.swift */,
				F49C63D02C9E199400D1F207 /* CryptexObserver.swift */,
				F48E44952DC109DE00673486 /* DeviceLockStateObserver.swift */,
				F49C63D22C9E19A600D1F207 /* AppRegistration.swift */,
				F49C63D62C9E1A4800D1F207 /* DaemonServer.swift */,
				F4B821C62F3541EB00C59159 /* TrustCacheFSService.swift */,
				F4414E5E2F315199007076B5 /* HookInjection.swift */,
			);
			path = Core;
			sourceTree = "<group>";
		};
		F49C63CD2C9E193900D1F207 /* API */ = {
			isa = PBXGroup;
			children = (
				F49C63CE2C9E193F00D1F207 /* ResearchAppProperties.swift */,
			);
			path = API;
			sourceTree = "<group>";
		};
		F49C63F32C9E327D00D1F207 /* config */ = {
			isa = PBXGroup;
			children = (
				F49C63F42C9E328000D1F207 /* Cryptex.xcconfig */,
			);
			path = config;
			sourceTree = "<group>";
		};
		F49C63F72C9E361D00D1F207 /* Jetsam */ = {
			isa = PBXGroup;
			children = (
				F49C63FC2C9E362800D1F207 /* JetsamBypass.h */,
				F49C63F82C9E362300D1F207 /* JetsamBypass.m */,
				F49C63F92C9E362300D1F207 /* kern_memorystatus.h */,
				F49C63FA2C9E362300D1F207 /* libproc.h */,
			);
			path = Jetsam;
			sourceTree = "<group>";
		};
/* End PBXGroup section */

/* Begin PBXHeadersBuildPhase section */
		F4414E092F314C60007076B5 /* Headers */ = {
			isa = PBXHeadersBuildPhase;
			buildActionMask = 2147483647;
			files = (
			);
			runOnlyForDeploymentPostprocessing = 0;
		};
/* End PBXHeadersBuildPhase section */

/* Begin PBXNativeTarget section */
		F4414E0C2F314C60007076B5 /* AppRegistrarHooks */ = {
			isa = PBXNativeTarget;
			buildConfigurationList = F4414E1B2F314C60007076B5 /* Build configuration list for PBXNativeTarget "AppRegistrarHooks" */;
			buildPhases = (
				F4414E092F314C60007076B5 /* Headers */,
				F4414E0A2F314C60007076B5 /* Sources */,
				F4414E0B2F314C60007076B5 /* Frameworks */,
			);
			buildRules = (
			);
			dependencies = (
			);
			fileSystemSynchronizedGroups = (
				F4414E0E2F314C60007076B5 /* AppRegistrarHooks */,
				F452CA742F33DEBF00793439 /* Shared */,
			);
			name = AppRegistrarHooks;
			packageProductDependencies = (
			);
			productName = AppRegistrarHooks;
			productReference = F4414E0D2F314C60007076B5 /* libAppRegistrarHooks.dylib */;
			productType = "com.apple.product-type.library.dynamic";
		};
		F49C63972C9E15DB00D1F207 /* appregistrard */ = {
			isa = PBXNativeTarget;
			buildConfigurationList = F49C63A32C9E15DB00D1F207 /* Build configuration list for PBXNativeTarget "appregistrard" */;
			buildPhases = (
				F49C63942C9E15DB00D1F207 /* Sources */,
				F49C63952C9E15DB00D1F207 /* Frameworks */,
				F49C63962C9E15DB00D1F207 /* Resources */,
			);
			buildRules = (
			);
			dependencies = (
			);
			fileSystemSynchronizedGroups = (
				F452CA742F33DEBF00793439 /* Shared */,
				F4CFF0922F353B9500DD396F /* AppTrust */,
				F4CFF0A12F353C0500DD396F /* Stubs */,
			);
			name = appregistrard;
			packageProductDependencies = (
				F49C63B32C9E16CE00D1F207 /* ArgumentParser */,
				F44151ED2F327D44007076B5 /* LaunchKitLite */,
				F4CFF08C2F353B8600DD396F /* AuthInstallKit */,
				F4CFF08E2F353B8600DD396F /* DeviceIdentityKit */,
				F4CFF0902F353B8600DD396F /* TatsuKit */,
				F46DE55F2F35407300075351 /* TrustCacheGenerator */,
			);
			productName = appregistrard;
			productReference = F49C63982C9E15DB00D1F207 /* appregistrard */;
			productType = "com.apple.product-type.tool";
		};
/* End PBXNativeTarget section */

/* Begin PBXProject section */
		F49C63902C9E15DB00D1F207 /* Project object */ = {
			isa = PBXProject;
			attributes = {
				BuildIndependentTargetsInParallel = 1;
				LastSwiftUpdateCheck = 1610;
				LastUpgradeCheck = 2630;
				TargetAttributes = {
					F4414E0C2F314C60007076B5 = {
						CreatedOnToolsVersion = 26.2;
						LastSwiftMigration = 2620;
					};
					F49C63972C9E15DB00D1F207 = {
						CreatedOnToolsVersion = 16.1;
					};
					F49C63DC2C9E2B6C00D1F207 = {
						CreatedOnToolsVersion = 16.1;
					};
				};
			};
			buildConfigurationList = F49C63932C9E15DB00D1F207 /* Build configuration list for PBXProject "appregistrard" */;
			developmentRegion = en;
			hasScannedForEncodings = 0;
			knownRegions = (
				en,
				Base,
			);
			mainGroup = F49C638F2C9E15DB00D1F207;
			minimizedProjectReferenceProxies = 1;
			packageReferences = (
				F49C63B22C9E16CE00D1F207 /* XCRemoteSwiftPackageReference "swift-argument-parser" */,
				F44151EC2F327D44007076B5 /* XCRemoteSwiftPackageReference "LaunchKit" */,
				F4CFF08B2F353B8600DD396F /* XCRemoteSwiftPackageReference "TatsuKit" */,
				F42B22CB2F353D580060E7A9 /* XCRemoteSwiftPackageReference "TrustCache" */,
			);
			preferredProjectObjectVersion = 77;
			productRefGroup = F49C63992C9E15DB00D1F207 /* Products */;
			projectDirPath = "";
			projectRoot = "";
			targets = (
				F49C63972C9E15DB00D1F207 /* appregistrard */,
				F49C63DC2C9E2B6C00D1F207 /* cryptex */,
				F4414E0C2F314C60007076B5 /* AppRegistrarHooks */,
			);
		};
/* End PBXProject section */

/* Begin PBXResourcesBuildPhase section */
		F49C63962C9E15DB00D1F207 /* Resources */ = {
			isa = PBXResourcesBuildPhase;
			buildActionMask = 2147483647;
			files = (
			);
			runOnlyForDeploymentPostprocessing = 0;
		};
/* End PBXResourcesBuildPhase section */

/* Begin PBXSourcesBuildPhase section */
		F4414E0A2F314C60007076B5 /* Sources */ = {
			isa = PBXSourcesBuildPhase;
			buildActionMask = 2147483647;
			files = (
			);
			runOnlyForDeploymentPostprocessing = 0;
		};
		F49C63942C9E15DB00D1F207 /* Sources */ = {
			isa = PBXSourcesBuildPhase;
			buildActionMask = 2147483647;
			files = (
				F49C63D32C9E19A600D1F207 /* AppRegistration.swift in Sources */,
				F49C63FB2C9E362300D1F207 /* JetsamBypass.m in Sources */,
				F49C63AF2C9E15DE00D1F207 /* AppRegistrar.swift in Sources */,
				F49C63CA2C9E188C00D1F207 /* ProcessHelper.swift in Sources */,
				F49C63CC2C9E18A300D1F207 /* Jindo.swift in Sources */,
				F48E44962DC109DE00673486 /* DeviceLockStateObserver.swift in Sources */,
				F49C63DB2C9E29F000D1F207 /* ProcessInfo+Cryptex.swift in Sources */,
				F49C63CF2C9E193F00D1F207 /* ResearchAppProperties.swift in Sources */,
				F4B821C72F3541EB00C59159 /* TrustCacheFSService.swift in Sources */,
				F49C63D12C9E199400D1F207 /* CryptexObserver.swift in Sources */,
				F4414E5F2F31519E007076B5 /* HookInjection.swift in Sources */,
				F49C63D72C9E1A5500D1F207 /* DaemonServer.swift in Sources */,
			);
			runOnlyForDeploymentPostprocessing = 0;
		};
/* End PBXSourcesBuildPhase section */

/* Begin PBXTargetDependency section */
		F4414E582F314F15007076B5 /* PBXTargetDependency */ = {
			isa = PBXTargetDependency;
			target = F4414E0C2F314C60007076B5 /* AppRegistrarHooks */;
			targetProxy = F4414E572F314F15007076B5 /* PBXContainerItemProxy */;
		};
		F49C63E12C9E2B7500D1F207 /* PBXTargetDependency */ = {
			isa = PBXTargetDependency;
			target = F49C63972C9E15DB00D1F207 /* appregistrard */;
			targetProxy = F49C63E02C9E2B7500D1F207 /* PBXContainerItemProxy */;
		};
/* End PBXTargetDependency section */

/* Begin XCBuildConfiguration section */
		F4414E192F314C60007076B5 /* Debug */ = {
			isa = XCBuildConfiguration;
			buildSettings = {
				CLANG_ENABLE_MODULES = YES;
				CODE_SIGN_STYLE = Automatic;
				DYLIB_COMPATIBILITY_VERSION = 1;
				DYLIB_CURRENT_VERSION = 1;
				ENABLE_USER_SCRIPT_SANDBOXING = YES;
				EXECUTABLE_PREFIX = lib;
				IPHONEOS_DEPLOYMENT_TARGET = 26.0;
				LD_DYLIB_INSTALL_NAME = "@rpath/$(EXECUTABLE_PATH)";
				PRODUCT_BUNDLE_IDENTIFIER = codes.rambo.research.AppRegistrarHooks;
				PRODUCT_NAME = "$(TARGET_NAME)";
				SKIP_INSTALL = YES;
				SWIFT_OBJC_BRIDGING_HEADER = AppRegistrarHooks/Headers/BridgingHeader.h;
				SWIFT_OPTIMIZATION_LEVEL = "-Onone";
				SWIFT_VERSION = 5.0;
				TARGETED_DEVICE_FAMILY = "1,2";
			};
			name = Debug;
		};
		F4414E1A2F314C60007076B5 /* Release */ = {
			isa = XCBuildConfiguration;
			buildSettings = {
				CLANG_ENABLE_MODULES = YES;
				CODE_SIGN_STYLE = Automatic;
				DYLIB_COMPATIBILITY_VERSION = 1;
				DYLIB_CURRENT_VERSION = 1;
				ENABLE_USER_SCRIPT_SANDBOXING = YES;
				EXECUTABLE_PREFIX = lib;
				IPHONEOS_DEPLOYMENT_TARGET = 26.0;
				LD_DYLIB_INSTALL_NAME = "@rpath/$(EXECUTABLE_PATH)";
				PRODUCT_BUNDLE_IDENTIFIER = codes.rambo.research.AppRegistrarHooks;
				PRODUCT_NAME = "$(TARGET_NAME)";
				SKIP_INSTALL = YES;
				SWIFT_OBJC_BRIDGING_HEADER = AppRegistrarHooks/Headers/BridgingHeader.h;
				SWIFT_VERSION = 5.0;
				TARGETED_DEVICE_FAMILY = "1,2";
			};
			name = Release;
		};
		F49C63A42C9E15DB00D1F207 /* Debug */ = {
			isa = XCBuildConfiguration;
			buildSettings = {
				CODE_SIGN_ENTITLEMENTS = appregistrard/appregistrard.entitlements;
				CODE_SIGN_IDENTITY = "-";
				CODE_SIGN_STYLE = Manual;
				CREATE_INFOPLIST_SECTION_IN_BINARY = YES;
				CURRENT_PROJECT_VERSION = 100;
				DEVELOPMENT_TEAM = "";
				GENERATE_INFOPLIST_FILE = YES;
				INFOPLIST_FILE = appregistrard/Info.plist;
				IPHONEOS_DEPLOYMENT_TARGET = 26.0;
				LIBRARY_SEARCH_PATHS = (
					"$(inherited)",
					"$(PROJECT_DIR)/appregistrard/Stubs",
				);
				MARKETING_VERSION = 1.1;
				PRODUCT_BUNDLE_IDENTIFIER = codes.rambo.research.appregistrard;
				PRODUCT_NAME = "$(TARGET_NAME)";
				SUPPORTED_PLATFORMS = "iphoneos iphonesimulator";
				SUPPORTS_MACCATALYST = NO;
				SUPPORTS_MAC_DESIGNED_FOR_IPHONE_IPAD = NO;
				SUPPORTS_XR_DESIGNED_FOR_IPHONE_IPAD = NO;
				SWIFT_EMIT_LOC_STRINGS = YES;
				SWIFT_OBJC_BRIDGING_HEADER = appregistrard/Headers/BridgingHeader.h;
				SWIFT_VERSION = 5.0;
				TARGETED_DEVICE_FAMILY = 1;
			};
			name = Debug;
		};
		F49C63A52C9E15DB00D1F207 /* Release */ = {
			isa = XCBuildConfiguration;
			buildSettings = {
				CODE_SIGN_ENTITLEMENTS = appregistrard/appregistrard.entitlements;
				CODE_SIGN_IDENTITY = "-";
				CODE_SIGN_STYLE = Manual;
				CREATE_INFOPLIST_SECTION_IN_BINARY = YES;
				CURRENT_PROJECT_VERSION = 100;
				DEVELOPMENT_TEAM = "";
				GENERATE_INFOPLIST_FILE = YES;
				INFOPLIST_FILE = appregistrard/Info.plist;
				IPHONEOS_DEPLOYMENT_TARGET = 26.0;
				LIBRARY_SEARCH_PATHS = (
					"$(inherited)",
					"$(PROJECT_DIR)/appregistrard/Stubs",
				);
				MARKETING_VERSION = 1.1;
				PRODUCT_BUNDLE_IDENTIFIER = codes.rambo.research.appregistrard;
				PRODUCT_NAME = "$(TARGET_NAME)";
				SUPPORTED_PLATFORMS = "iphoneos iphonesimulator";
				SUPPORTS_MACCATALYST = NO;
				SUPPORTS_MAC_DESIGNED_FOR_IPHONE_IPAD = NO;
				SUPPORTS_XR_DESIGNED_FOR_IPHONE_IPAD = NO;
				SWIFT_EMIT_LOC_STRINGS = YES;
				SWIFT_OBJC_BRIDGING_HEADER = appregistrard/Headers/BridgingHeader.h;
				SWIFT_VERSION = 5.0;
				TARGETED_DEVICE_FAMILY = 1;
			};
			name = Release;
		};
		F49C63A62C9E15DB00D1F207 /* Debug */ = {
			isa = XCBuildConfiguration;
			buildSettings = {
				ALWAYS_SEARCH_USER_PATHS = NO;
				ARCHS = arm64e;
				ASSETCATALOG_COMPILER_GENERATE_SWIFT_ASSET_SYMBOL_EXTENSIONS = YES;
				CLANG_ANALYZER_NONNULL = YES;
				CLANG_ANALYZER_NUMBER_OBJECT_CONVERSION = YES_AGGRESSIVE;
				CLANG_CXX_LANGUAGE_STANDARD = "gnu++20";
				CLANG_ENABLE_MODULES = YES;
				CLANG_ENABLE_OBJC_ARC = YES;
				CLANG_ENABLE_OBJC_WEAK = YES;
				CLANG_WARN_BLOCK_CAPTURE_AUTORELEASING = YES;
				CLANG_WARN_BOOL_CONVERSION = YES;
				CLANG_WARN_COMMA = YES;
				CLANG_WARN_CONSTANT_CONVERSION = YES;
				CLANG_WARN_DEPRECATED_OBJC_IMPLEMENTATIONS = YES;
				CLANG_WARN_DIRECT_OBJC_ISA_USAGE = YES_ERROR;
				CLANG_WARN_DOCUMENTATION_COMMENTS = YES;
				CLANG_WARN_EMPTY_BODY = YES;
				CLANG_WARN_ENUM_CONVERSION = YES;
				CLANG_WARN_INFINITE_RECURSION = YES;
				CLANG_WARN_INT_CONVERSION = YES;
				CLANG_WARN_NON_LITERAL_NULL_CONVERSION = YES;
				CLANG_WARN_OBJC_IMPLICIT_RETAIN_SELF = YES;
				CLANG_WARN_OBJC_LITERAL_CONVERSION = YES;
				CLANG_WARN_OBJC_ROOT_CLASS = YES_ERROR;
				CLANG_WARN_QUOTED_INCLUDE_IN_FRAMEWORK_HEADER = YES;
				CLANG_WARN_RANGE_LOOP_ANALYSIS = YES;
				CLANG_WARN_STRICT_PROTOTYPES = YES;
				CLANG_WARN_SUSPICIOUS_MOVE = YES;
				CLANG_WARN_UNGUARDED_AVAILABILITY = YES_AGGRESSIVE;
				CLANG_WARN_UNREACHABLE_CODE = YES;
				CLANG_WARN__DUPLICATE_METHOD_MATCH = YES;
				COPY_PHASE_STRIP = NO;
				DEBUG_INFORMATION_FORMAT = dwarf;
				ENABLE_STRICT_OBJC_MSGSEND = YES;
				ENABLE_TESTABILITY = YES;
				ENABLE_USER_SCRIPT_SANDBOXING = NO;
				GCC_C_LANGUAGE_STANDARD = gnu17;
				GCC_DYNAMIC_NO_PIC = NO;
				GCC_NO_COMMON_BLOCKS = YES;
				GCC_OPTIMIZATION_LEVEL = 0;
				GCC_PREPROCESSOR_DEFINITIONS = (
					"DEBUG=1",
					"$(inherited)",
				);
				GCC_WARN_64_TO_32_BIT_CONVERSION = YES;
				GCC_WARN_ABOUT_RETURN_TYPE = YES_ERROR;
				GCC_WARN_UNDECLARED_SELECTOR = YES;
				GCC_WARN_UNINITIALIZED_AUTOS = YES_AGGRESSIVE;
				GCC_WARN_UNUSED_FUNCTION = YES;
				GCC_WARN_UNUSED_VARIABLE = YES;
				IPHONEOS_DEPLOYMENT_TARGET = 18.0;
				LOCALIZATION_PREFERS_STRING_CATALOGS = YES;
				MACOSX_DEPLOYMENT_TARGET = 14.0;
				MTL_ENABLE_DEBUG_INFO = INCLUDE_SOURCE;
				MTL_FAST_MATH = YES;
				ONLY_ACTIVE_ARCH = YES;
				SDKROOT = /Applications/Xcode.app/Contents/Developer/Platforms/iPhoneOS.platform/Developer/SDKs/iPhoneOS26.2.internal.sdk;
				SWIFT_ACTIVE_COMPILATION_CONDITIONS = "DEBUG $(inherited)";
				SWIFT_OPTIMIZATION_LEVEL = "-Onone";
			};
			name = Debug;
		};
		F49C63A72C9E15DB00D1F207 /* Release */ = {
			isa = XCBuildConfiguration;
			buildSettings = {
				ALWAYS_SEARCH_USER_PATHS = NO;
				ARCHS = arm64e;
				ASSETCATALOG_COMPILER_GENERATE_SWIFT_ASSET_SYMBOL_EXTENSIONS = YES;
				CLANG_ANALYZER_NONNULL = YES;
				CLANG_ANALYZER_NUMBER_OBJECT_CONVERSION = YES_AGGRESSIVE;
				CLANG_CXX_LANGUAGE_STANDARD = "gnu++20";
				CLANG_ENABLE_MODULES = YES;
				CLANG_ENABLE_OBJC_ARC = YES;
				CLANG_ENABLE_OBJC_WEAK = YES;
				CLANG_WARN_BLOCK_CAPTURE_AUTORELEASING = YES;
				CLANG_WARN_BOOL_CONVERSION = YES;
				CLANG_WARN_COMMA = YES;
				CLANG_WARN_CONSTANT_CONVERSION = YES;
				CLANG_WARN_DEPRECATED_OBJC_IMPLEMENTATIONS = YES;
				CLANG_WARN_DIRECT_OBJC_ISA_USAGE = YES_ERROR;
				CLANG_WARN_DOCUMENTATION_COMMENTS = YES;
				CLANG_WARN_EMPTY_BODY = YES;
				CLANG_WARN_ENUM_CONVERSION = YES;
				CLANG_WARN_INFINITE_RECURSION = YES;
				CLANG_WARN_INT_CONVERSION = YES;
				CLANG_WARN_NON_LITERAL_NULL_CONVERSION = YES;
				CLANG_WARN_OBJC_IMPLICIT_RETAIN_SELF = YES;
				CLANG_WARN_OBJC_LITERAL_CONVERSION = YES;
				CLANG_WARN_OBJC_ROOT_CLASS = YES_ERROR;
				CLANG_WARN_QUOTED_INCLUDE_IN_FRAMEWORK_HEADER = YES;
				CLANG_WARN_RANGE_LOOP_ANALYSIS = YES;
				CLANG_WARN_STRICT_PROTOTYPES = YES;
				CLANG_WARN_SUSPICIOUS_MOVE = YES;
				CLANG_WARN_UNGUARDED_AVAILABILITY = YES_AGGRESSIVE;
				CLANG_WARN_UNREACHABLE_CODE = YES;
				CLANG_WARN__DUPLICATE_METHOD_MATCH = YES;
				COPY_PHASE_STRIP = NO;
				DEBUG_INFORMATION_FORMAT = "dwarf-with-dsym";
				ENABLE_NS_ASSERTIONS = NO;
				ENABLE_STRICT_OBJC_MSGSEND = YES;
				ENABLE_USER_SCRIPT_SANDBOXING = NO;
				GCC_C_LANGUAGE_STANDARD = gnu17;
				GCC_NO_COMMON_BLOCKS = YES;
				GCC_WARN_64_TO_32_BIT_CONVERSION = YES;
				GCC_WARN_ABOUT_RETURN_TYPE = YES_ERROR;
				GCC_WARN_UNDECLARED_SELECTOR = YES;
				GCC_WARN_UNINITIALIZED_AUTOS = YES_AGGRESSIVE;
				GCC_WARN_UNUSED_FUNCTION = YES;
				GCC_WARN_UNUSED_VARIABLE = YES;
				IPHONEOS_DEPLOYMENT_TARGET = 18.0;
				LOCALIZATION_PREFERS_STRING_CATALOGS = YES;
				MACOSX_DEPLOYMENT_TARGET = 14.0;
				MTL_ENABLE_DEBUG_INFO = NO;
				MTL_FAST_MATH = YES;
				SDKROOT = /Applications/Xcode.app/Contents/Developer/Platforms/iPhoneOS.platform/Developer/SDKs/iPhoneOS26.2.internal.sdk;
				SWIFT_COMPILATION_MODE = wholemodule;
				VALIDATE_PRODUCT = YES;
			};
			name = Release;
		};
		F49C63DE2C9E2B6C00D1F207 /* Debug */ = {
			isa = XCBuildConfiguration;
			baseConfigurationReference = F49C63F42C9E328000D1F207 /* Cryptex.xcconfig */;
			buildSettings = {
				CODE_SIGN_STYLE = Automatic;
				DEVELOPMENT_TEAM = 8C7439RJLG;
				PRODUCT_NAME = "$(TARGET_NAME)";
			};
			name = Debug;
		};
		F49C63DF2C9E2B6C00D1F207 /* Release */ = {
			isa = XCBuildConfiguration;
			baseConfigurationReference = F49C63F42C9E328000D1F207 /* Cryptex.xcconfig */;
			buildSettings = {
				CODE_SIGN_STYLE = Automatic;
				DEVELOPMENT_TEAM = 8C7439RJLG;
				PRODUCT_NAME = "$(TARGET_NAME)";
			};
			name = Release;
		};
/* End XCBuildConfiguration section */

/* Begin XCConfigurationList section */
		F4414E1B2F314C60007076B5 /* Build configuration list for PBXNativeTarget "AppRegistrarHooks" */ = {
			isa = XCConfigurationList;
			buildConfigurations = (
				F4414E192F314C60007076B5 /* Debug */,
				F4414E1A2F314C60007076B5 /* Release */,
			);
			defaultConfigurationIsVisible = 0;
			defaultConfigurationName = Release;
		};
		F49C63932C9E15DB00D1F207 /* Build configuration list for PBXProject "appregistrard" */ = {
			isa = XCConfigurationList;
			buildConfigurations = (
				F49C63A62C9E15DB00D1F207 /* Debug */,
				F49C63A72C9E15DB00D1F207 /* Release */,
			);
			defaultConfigurationIsVisible = 0;
			defaultConfigurationName = Release;
		};
		F49C63A32C9E15DB00D1F207 /* Build configuration list for PBXNativeTarget "appregistrard" */ = {
			isa = XCConfigurationList;
			buildConfigurations = (
				F49C63A42C9E15DB00D1F207 /* Debug */,
				F49C63A52C9E15DB00D1F207 /* Release */,
			);
			defaultConfigurationIsVisible = 0;
			defaultConfigurationName = Release;
		};
		F49C63DD2C9E2B6C00D1F207 /* Build configuration list for PBXAggregateTarget "cryptex" */ = {
			isa = XCConfigurationList;
			buildConfigurations = (
				F49C63DE2C9E2B6C00D1F207 /* Debug */,
				F49C63DF2C9E2B6C00D1F207 /* Release */,
			);
			defaultConfigurationIsVisible = 0;
			defaultConfigurationName = Release;
		};
/* End XCConfigurationList section */

/* Begin XCRemoteSwiftPackageReference section */
		F42B22CB2F353D580060E7A9 /* XCRemoteSwiftPackageReference "TrustCache" */ = {
			isa = XCRemoteSwiftPackageReference;
			repositoryURL = "https://github.com/insidegui/TrustCache.git";
			requirement = {
				branch = main;
				kind = branch;
			};
		};
		F44151EC2F327D44007076B5 /* XCRemoteSwiftPackageReference "LaunchKit" */ = {
			isa = XCRemoteSwiftPackageReference;
			repositoryURL = "https://github.com/insidegui/LaunchKit.git";
			requirement = {
				kind = revision;
				revision = 3131e1ed1aad72886684d707aee2eda425a40aa5;
			};
		};
		F49C63B22C9E16CE00D1F207 /* XCRemoteSwiftPackageReference "swift-argument-parser" */ = {
			isa = XCRemoteSwiftPackageReference;
			repositoryURL = "https://github.com/apple/swift-argument-parser.git";
			requirement = {
				kind = upToNextMajorVersion;
				minimumVersion = 1.5.0;
			};
		};
		F4CFF08B2F353B8600DD396F /* XCRemoteSwiftPackageReference "TatsuKit" */ = {
			isa = XCRemoteSwiftPackageReference;
			repositoryURL = "https://github.com/insidegui/TatsuKit.git";
			requirement = {
				branch = main;
				kind = branch;
			};
		};
/* End XCRemoteSwiftPackageReference section */

/* Begin XCSwiftPackageProductDependency section */
		F44151ED2F327D44007076B5 /* LaunchKitLite */ = {
			isa = XCSwiftPackageProductDependency;
			package = F44151EC2F327D44007076B5 /* XCRemoteSwiftPackageReference "LaunchKit" */;
			productName = LaunchKitLite;
		};
		F46DE55F2F35407300075351 /* TrustCacheGenerator */ = {
			isa = XCSwiftPackageProductDependency;
			package = F42B22CB2F353D580060E7A9 /* XCRemoteSwiftPackageReference "TrustCache" */;
			productName = TrustCacheGenerator;
		};
		F49C63B32C9E16CE00D1F207 /* ArgumentParser */ = {
			isa = XCSwiftPackageProductDependency;
			package = F49C63B22C9E16CE00D1F207 /* XCRemoteSwiftPackageReference "swift-argument-parser" */;
			productName = ArgumentParser;
		};
		F4CFF08C2F353B8600DD396F /* AuthInstallKit */ = {
			isa = XCSwiftPackageProductDependency;
			package = F4CFF08B2F353B8600DD396F /* XCRemoteSwiftPackageReference "TatsuKit" */;
			productName = AuthInstallKit;
		};
		F4CFF08E2F353B8600DD396F /* DeviceIdentityKit */ = {
			isa = XCSwiftPackageProductDependency;
			package = F4CFF08B2F353B8600DD396F /* XCRemoteSwiftPackageReference "TatsuKit" */;
			productName = DeviceIdentityKit;
		};
		F4CFF0902F353B8600DD396F /* TatsuKit */ = {
			isa = XCSwiftPackageProductDependency;
			package = F4CFF08B2F353B8600DD396F /* XCRemoteSwiftPackageReference "TatsuKit" */;
			productName = TatsuKit;
		};
/* End XCSwiftPackageProductDependency section */
	};
	rootObject = F49C63902C9E15DB00D1F207 /* Project object */;
}
