{
  "originHash" : "a7f14bd4a38889a34ef28e3d304670a94ea3baab427bb3ec48d50b36943f50c3",
  "pins" : [
    {
      "identity" : "launchkit",
      "kind" : "remoteSourceControl",
      "location" : "https://github.com/insidegui/LaunchKit.git",
      "state" : {
        "revision" : "3131e1ed1aad72886684d707aee2eda425a40aa5"
      }
    },
    {
      "identity" : "swift-argument-parser",
      "kind" : "remoteSourceControl",
      "location" : "https://github.com/apple/swift-argument-parser.git",
      "state" : {
        "revision" : "41982a3656a71c768319979febd796c6fd111d5c",
        "version" : "1.5.0"
      }
    }
  ],
  "version" : 3
}
